
Microsoft Visual Studio Solution File, Format Version 12.00
# Visual Studio Version 16
VisualStudioVersion = 16.0.30711.63
MinimumVisualStudioVersion = 10.0.40219.1
Project("{9A19103F-16F7-4668-BE54-9A1E7A4F7556}") = "WebApplication8", "WebApplication8\WebApplication8.csproj", "{F2DEFF8C-43DC-4333-8DE9-37ECDE0B9270}"
EndProject
Global
	GlobalSection(SolutionConfigurationPlatforms) = preSolution
		Debug|Any CPU = Debug|Any CPU
		Release|Any CPU = Release|Any CPU
	EndGlobalSection
	GlobalSection(ProjectConfigurationPlatforms) = postSolution
		{F2DEFF8C-43DC-4333-8DE9-37ECDE0B9270}.Debug|Any CPU.ActiveCfg = Debug|Any CPU
		{F2DEFF8C-43DC-4333-8DE9-37ECDE0B9270}.Debug|Any CPU.Build.0 = Debug|Any CPU
		{F2DEFF8C-43DC-4333-8DE9-37ECDE0B9270}.Release|Any CPU.ActiveCfg = Release|Any CPU
		{F2DEFF8C-43DC-4333-8DE9-37ECDE0B9270}.Release|Any CPU.Build.0 = Release|Any CPU
	EndGlobalSection
	GlobalSection(SolutionProperties) = preSolution
		HideSolutionNode = FALSE
	EndGlobalSection
	GlobalSection(ExtensibilityGlobals) = postSolution
		SolutionGuid = {8BA95F30-2591-4366-BD12-E22F94C2EBED}
	EndGlobalSection
EndGlobal
